# THIS IS AN AUTOGENERATED FILE. DO NOT EDIT THIS FILE DIRECTLY.
# yarn lockfile v1


"@types/auth0@^3.3.10":
  version "3.3.10"
  resolved "https://registry.yarnpkg.com/@types/auth0/-/auth0-3.3.10.tgz#6c483d7ebe6e3eb1fb44d5c27aecbe49ad0b200d"
  integrity sha512-9tS0Y2igWxw+Dx5uCHkIUCu6tG0oRkwpE322dOJPwZMLXQMx49n/gDmUz7YJSe1iVjrWW+ffVYmlPShVIEwjkg==

zod@3.23.8:
  version "3.23.8"
  resolved "https://registry.yarnpkg.com/zod/-/zod-3.23.8.tgz#e37b957b5d52079769fb8097099b592f0ef4067d"
  integrity sha512-XBx9AXhXktjUqnepgTiE5flcKIYWi/rme0Eaj+5Y0lftuGBq+jyRu/md4WnuxqgP1ubdpNCsYEYPxrzVHD8d6g==
